
Microsoft Visual Studio Solution File, Format Version 12.00
# Visual Studio 15
VisualStudioVersion = 15.0.27428.2005
MinimumVisualStudioVersion = 10.0.40219.1
Project("{FAE04EC0-301F-11D3-BF4B-00C04F79EFBC}") = "SPOT.Web", "SPOT.Web\SPOT.Web.csproj", "{71AA8521-638D-474C-B29A-CA0AF1F8B384}"
EndProject
Project("{2150E333-8FDC-42A3-9474-1A3956D46DE8}") = "01 Comun", "01 Comun", "{98A76B56-1ACD-443C-A50A-72AD8F7512EF}"
EndProject
Project("{2150E333-8FDC-42A3-9474-1A3956D46DE8}") = "02 Entidad", "02 Entidad", "{1EC4AEF9-BFBE-4EEC-AB4A-2E2F425A177A}"
EndProject
Project("{2150E333-8FDC-42A3-9474-1A3956D46DE8}") = "03 Data", "03 Data", "{5631630B-8BE5-4C23-ACDE-BDC67E4DDCE4}"
EndProject
Project("{2150E333-8FDC-42A3-9474-1A3956D46DE8}") = "04 Negocio", "04 Negocio", "{0B7C9B18-AF3A-4150-89AD-8BAEE085F7B6}"
EndProject
Project("{2150E333-8FDC-42A3-9474-1A3956D46DE8}") = "05 Presentacion", "05 Presentacion", "{843D7BB7-017E-4B59-8F88-680F4F258027}"
EndProject
Project("{FAE04EC0-301F-11D3-BF4B-00C04F79EFBC}") = "SPOT.Business", "SPOT.Business\SPOT.Business.csproj", "{559036FE-4B23-493E-BE54-D9BB5300B446}"
EndProject
Project("{FAE04EC0-301F-11D3-BF4B-00C04F79EFBC}") = "SPOT.Data", "SPOT.Data\SPOT.Data.csproj", "{BBA0AC6B-415C-404D-8EA2-67CA0C4E5C41}"
EndProject
Project("{FAE04EC0-301F-11D3-BF4B-00C04F79EFBC}") = "SPOT.Entity", "SPOT.Entity\SPOT.Entity.csproj", "{281D1CCE-F733-4AF7-A7F3-2D106FD1E2BE}"
EndProject
Project("{FAE04EC0-301F-11D3-BF4B-00C04F79EFBC}") = "SPOT.Common", "SPOT.Common\SPOT.Common.csproj", "{A1A34310-DCB9-462C-AF02-DD94AE43E016}"
EndProject
Global
	GlobalSection(SolutionConfigurationPlatforms) = preSolution
		Debug|Any CPU = Debug|Any CPU
		Release|Any CPU = Release|Any CPU
	EndGlobalSection
	GlobalSection(ProjectConfigurationPlatforms) = postSolution
		{71AA8521-638D-474C-B29A-CA0AF1F8B384}.Debug|Any CPU.ActiveCfg = Debug|Any CPU
		{71AA8521-638D-474C-B29A-CA0AF1F8B384}.Debug|Any CPU.Build.0 = Debug|Any CPU
		{71AA8521-638D-474C-B29A-CA0AF1F8B384}.Release|Any CPU.ActiveCfg = Release|Any CPU
		{71AA8521-638D-474C-B29A-CA0AF1F8B384}.Release|Any CPU.Build.0 = Release|Any CPU
		{559036FE-4B23-493E-BE54-D9BB5300B446}.Debug|Any CPU.ActiveCfg = Debug|Any CPU
		{559036FE-4B23-493E-BE54-D9BB5300B446}.Debug|Any CPU.Build.0 = Debug|Any CPU
		{559036FE-4B23-493E-BE54-D9BB5300B446}.Release|Any CPU.ActiveCfg = Release|Any CPU
		{559036FE-4B23-493E-BE54-D9BB5300B446}.Release|Any CPU.Build.0 = Release|Any CPU
		{BBA0AC6B-415C-404D-8EA2-67CA0C4E5C41}.Debug|Any CPU.ActiveCfg = Debug|Any CPU
		{BBA0AC6B-415C-404D-8EA2-67CA0C4E5C41}.Debug|Any CPU.Build.0 = Debug|Any CPU
		{BBA0AC6B-415C-404D-8EA2-67CA0C4E5C41}.Release|Any CPU.ActiveCfg = Release|Any CPU
		{BBA0AC6B-415C-404D-8EA2-67CA0C4E5C41}.Release|Any CPU.Build.0 = Release|Any CPU
		{281D1CCE-F733-4AF7-A7F3-2D106FD1E2BE}.Debug|Any CPU.ActiveCfg = Debug|Any CPU
		{281D1CCE-F733-4AF7-A7F3-2D106FD1E2BE}.Debug|Any CPU.Build.0 = Debug|Any CPU
		{281D1CCE-F733-4AF7-A7F3-2D106FD1E2BE}.Release|Any CPU.ActiveCfg = Release|Any CPU
		{281D1CCE-F733-4AF7-A7F3-2D106FD1E2BE}.Release|Any CPU.Build.0 = Release|Any CPU
		{A1A34310-DCB9-462C-AF02-DD94AE43E016}.Debug|Any CPU.ActiveCfg = Debug|Any CPU
		{A1A34310-DCB9-462C-AF02-DD94AE43E016}.Debug|Any CPU.Build.0 = Debug|Any CPU
		{A1A34310-DCB9-462C-AF02-DD94AE43E016}.Release|Any CPU.ActiveCfg = Release|Any CPU
		{A1A34310-DCB9-462C-AF02-DD94AE43E016}.Release|Any CPU.Build.0 = Release|Any CPU
	EndGlobalSection
	GlobalSection(SolutionProperties) = preSolution
		HideSolutionNode = FALSE
	EndGlobalSection
	GlobalSection(NestedProjects) = preSolution
		{71AA8521-638D-474C-B29A-CA0AF1F8B384} = {843D7BB7-017E-4B59-8F88-680F4F258027}
		{559036FE-4B23-493E-BE54-D9BB5300B446} = {0B7C9B18-AF3A-4150-89AD-8BAEE085F7B6}
		{BBA0AC6B-415C-404D-8EA2-67CA0C4E5C41} = {5631630B-8BE5-4C23-ACDE-BDC67E4DDCE4}
		{281D1CCE-F733-4AF7-A7F3-2D106FD1E2BE} = {1EC4AEF9-BFBE-4EEC-AB4A-2E2F425A177A}
		{A1A34310-DCB9-462C-AF02-DD94AE43E016} = {98A76B56-1ACD-443C-A50A-72AD8F7512EF}
	EndGlobalSection
	GlobalSection(ExtensibilityGlobals) = postSolution
		SolutionGuid = {DF40433F-BEA5-4642-A0BE-A86E20E0D0CE}
	EndGlobalSection
EndGlobal
