
Microsoft Visual Studio Solution File, Format Version 12.00
# Visual Studio 15
VisualStudioVersion = 15.0.27428.2005
MinimumVisualStudioVersion = 10.0.40219.1
Project("{2150E333-8FDC-42A3-9474-1A3956D46DE8}") = "01 Comun", "01 Comun", "{98A76B56-1ACD-443C-A50A-72AD8F7512EF}"
EndProject
Project("{2150E333-8FDC-42A3-9474-1A3956D46DE8}") = "02 Entidad", "02 Entidad", "{1EC4AEF9-BFBE-4EEC-AB4A-2E2F425A177A}"
EndProject
Project("{2150E333-8FDC-42A3-9474-1A3956D46DE8}") = "03 Data", "03 Data", "{5631630B-8BE5-4C23-ACDE-BDC67E4DDCE4}"
EndProject
Project("{2150E333-8FDC-42A3-9474-1A3956D46DE8}") = "04 Negocio", "04 Negocio", "{0B7C9B18-AF3A-4150-89AD-8BAEE085F7B6}"
EndProject
Project("{2150E333-8FDC-42A3-9474-1A3956D46DE8}") = "05 Presentacion", "05 Presentacion", "{843D7BB7-017E-4B59-8F88-680F4F258027}"
EndProject
Global
	GlobalSection(SolutionProperties) = preSolution
		HideSolutionNode = FALSE
	EndGlobalSection
	GlobalSection(ExtensibilityGlobals) = postSolution
		SolutionGuid = {DF40433F-BEA5-4642-A0BE-A86E20E0D0CE}
	EndGlobalSection
EndGlobal
