
Microsoft Visual Studio Solution File, Format Version 12.00
# Visual Studio 15
VisualStudioVersion = 15.0.27428.2005
MinimumVisualStudioVersion = 10.0.40219.1
Project("{2150E333-8FDC-42A3-9474-1A3956D46DE8}") = "01 Comun", "01 Comun", "{98A76B56-1ACD-443C-A50A-72AD8F7512EF}"
EndProject
Project("{2150E333-8FDC-42A3-9474-1A3956D46DE8}") = "02 Entidad", "02 Entidad", "{1EC4AEF9-BFBE-4EEC-AB4A-2E2F425A177A}"
EndProject
Project("{2150E333-8FDC-42A3-9474-1A3956D46DE8}") = "03 Data", "03 Data", "{5631630B-8BE5-4C23-ACDE-BDC67E4DDCE4}"
EndProject
Project("{2150E333-8FDC-42A3-9474-1A3956D46DE8}") = "04 Negocio", "04 Negocio", "{0B7C9B18-AF3A-4150-89AD-8BAEE085F7B6}"
EndProject
Project("{2150E333-8FDC-42A3-9474-1A3956D46DE8}") = "05 Presentacion", "05 Presentacion", "{843D7BB7-017E-4B59-8F88-680F4F258027}"
EndProject
Project("{FAE04EC0-301F-11D3-BF4B-00C04F79EFBC}") = "SPOT.Web", "SPOT.Web\SPOT.Web.csproj", "{3CE4189D-FB4A-4733-949C-8ED15F44274D}"
EndProject
Project("{FAE04EC0-301F-11D3-BF4B-00C04F79EFBC}") = "SPOT.Common", "SPOT.Common\SPOT.Common.csproj", "{98C714B9-F90B-4370-BC8F-138CE4E17848}"
EndProject
Project("{FAE04EC0-301F-11D3-BF4B-00C04F79EFBC}") = "SPOT.Entity", "SPOT.Entity\SPOT.Entity.csproj", "{94E5784B-98F0-4C2F-BD66-FB424975890C}"
EndProject
Project("{FAE04EC0-301F-11D3-BF4B-00C04F79EFBC}") = "SPOT.Data", "SPOT.Data\SPOT.Data.csproj", "{13215B09-0D70-415C-BEF4-DCCA53710F38}"
EndProject
Project("{FAE04EC0-301F-11D3-BF4B-00C04F79EFBC}") = "SPOT.Business", "SPOT.Business\SPOT.Business.csproj", "{D1D54CE2-FF95-4EC1-A18E-383BDCA9515F}"
EndProject
Global
	GlobalSection(SolutionConfigurationPlatforms) = preSolution
		Debug|Any CPU = Debug|Any CPU
		Release|Any CPU = Release|Any CPU
	EndGlobalSection
	GlobalSection(ProjectConfigurationPlatforms) = postSolution
		{3CE4189D-FB4A-4733-949C-8ED15F44274D}.Debug|Any CPU.ActiveCfg = Debug|Any CPU
		{3CE4189D-FB4A-4733-949C-8ED15F44274D}.Debug|Any CPU.Build.0 = Debug|Any CPU
		{3CE4189D-FB4A-4733-949C-8ED15F44274D}.Release|Any CPU.ActiveCfg = Release|Any CPU
		{3CE4189D-FB4A-4733-949C-8ED15F44274D}.Release|Any CPU.Build.0 = Release|Any CPU
		{98C714B9-F90B-4370-BC8F-138CE4E17848}.Debug|Any CPU.ActiveCfg = Debug|Any CPU
		{98C714B9-F90B-4370-BC8F-138CE4E17848}.Debug|Any CPU.Build.0 = Debug|Any CPU
		{98C714B9-F90B-4370-BC8F-138CE4E17848}.Release|Any CPU.ActiveCfg = Release|Any CPU
		{98C714B9-F90B-4370-BC8F-138CE4E17848}.Release|Any CPU.Build.0 = Release|Any CPU
		{94E5784B-98F0-4C2F-BD66-FB424975890C}.Debug|Any CPU.ActiveCfg = Debug|Any CPU
		{94E5784B-98F0-4C2F-BD66-FB424975890C}.Debug|Any CPU.Build.0 = Debug|Any CPU
		{94E5784B-98F0-4C2F-BD66-FB424975890C}.Release|Any CPU.ActiveCfg = Release|Any CPU
		{94E5784B-98F0-4C2F-BD66-FB424975890C}.Release|Any CPU.Build.0 = Release|Any CPU
		{13215B09-0D70-415C-BEF4-DCCA53710F38}.Debug|Any CPU.ActiveCfg = Debug|Any CPU
		{13215B09-0D70-415C-BEF4-DCCA53710F38}.Debug|Any CPU.Build.0 = Debug|Any CPU
		{13215B09-0D70-415C-BEF4-DCCA53710F38}.Release|Any CPU.ActiveCfg = Release|Any CPU
		{13215B09-0D70-415C-BEF4-DCCA53710F38}.Release|Any CPU.Build.0 = Release|Any CPU
		{D1D54CE2-FF95-4EC1-A18E-383BDCA9515F}.Debug|Any CPU.ActiveCfg = Debug|Any CPU
		{D1D54CE2-FF95-4EC1-A18E-383BDCA9515F}.Debug|Any CPU.Build.0 = Debug|Any CPU
		{D1D54CE2-FF95-4EC1-A18E-383BDCA9515F}.Release|Any CPU.ActiveCfg = Release|Any CPU
		{D1D54CE2-FF95-4EC1-A18E-383BDCA9515F}.Release|Any CPU.Build.0 = Release|Any CPU
	EndGlobalSection
	GlobalSection(SolutionProperties) = preSolution
		HideSolutionNode = FALSE
	EndGlobalSection
	GlobalSection(NestedProjects) = preSolution
		{3CE4189D-FB4A-4733-949C-8ED15F44274D} = {843D7BB7-017E-4B59-8F88-680F4F258027}
		{98C714B9-F90B-4370-BC8F-138CE4E17848} = {98A76B56-1ACD-443C-A50A-72AD8F7512EF}
		{94E5784B-98F0-4C2F-BD66-FB424975890C} = {1EC4AEF9-BFBE-4EEC-AB4A-2E2F425A177A}
		{13215B09-0D70-415C-BEF4-DCCA53710F38} = {5631630B-8BE5-4C23-ACDE-BDC67E4DDCE4}
		{D1D54CE2-FF95-4EC1-A18E-383BDCA9515F} = {0B7C9B18-AF3A-4150-89AD-8BAEE085F7B6}
	EndGlobalSection
	GlobalSection(ExtensibilityGlobals) = postSolution
		SolutionGuid = {DF40433F-BEA5-4642-A0BE-A86E20E0D0CE}
	EndGlobalSection
EndGlobal
